
Microsoft Visual Studio Solution File, Format Version 12.00
# Visual Studio Version 17
VisualStudioVersion = 17.7.34031.279
MinimumVisualStudioVersion = 10.0.40219.1
Project("{FAE04EC0-301F-11D3-BF4B-00C04F79EFBC}") = "E2J", "E2J.csproj", "{CFC9929C-14BE-41B1-A5DA-002CE95C5815}"
EndProject
Project("{54435603-DBB4-11D2-8724-00A0C9A8B90C}") = "Excel2Json", "..\Excel2Json\Excel2Json.vdproj", "{B53C8470-E0C1-4886-B9E8-4F5CE139154E}"
EndProject
Global
	GlobalSection(SolutionConfigurationPlatforms) = preSolution
		Debug|Any CPU = Debug|Any CPU
		Release|Any CPU = Release|Any CPU
	EndGlobalSection
	GlobalSection(ProjectConfigurationPlatforms) = postSolution
		{CFC9929C-14BE-41B1-A5DA-002CE95C5815}.Debug|Any CPU.ActiveCfg = Debug|Any CPU
		{CFC9929C-14BE-41B1-A5DA-002CE95C5815}.Debug|Any CPU.Build.0 = Debug|Any CPU
		{CFC9929C-14BE-41B1-A5DA-002CE95C5815}.Release|Any CPU.ActiveCfg = Release|Any CPU
		{CFC9929C-14BE-41B1-A5DA-002CE95C5815}.Release|Any CPU.Build.0 = Release|Any CPU
		{B53C8470-E0C1-4886-B9E8-4F5CE139154E}.Debug|Any CPU.ActiveCfg = Debug
		{B53C8470-E0C1-4886-B9E8-4F5CE139154E}.Release|Any CPU.ActiveCfg = Release
	EndGlobalSection
	GlobalSection(SolutionProperties) = preSolution
		HideSolutionNode = FALSE
	EndGlobalSection
	GlobalSection(ExtensibilityGlobals) = postSolution
		SolutionGuid = {8EFE35CF-64EA-415D-83F0-5377FA99D30A}
	EndGlobalSection
EndGlobal
